// !$*UTF8*$!
{
	archiveVersion = 1;
	classes = {
	};
	objectVersion = 50;
	objects = {

/* Begin PBXBuildFile section */
		9D1674822659464D00495334 /* AppDelegate.swift in Sources */ = {isa = PBXBuildFile; fileRef = 9D1674812659464D00495334 /* AppDelegate.swift */; };
		9D1674842659464D00495334 /* SceneDelegate.swift in Sources */ = {isa = PBXBuildFile; fileRef = 9D1674832659464D00495334 /* SceneDelegate.swift */; };
		9D1674862659464D00495334 /* ContentView.swift in Sources */ = {isa = PBXBuildFile; fileRef = 9D1674852659464D00495334 /* ContentView.swift */; };
		9D1674882659465000495334 /* Assets.xcassets in Resources */ = {isa = PBXBuildFile; fileRef = 9D1674872659465000495334 /* Assets.xcassets */; };
		9D16748B2659465000495334 /* Preview Assets.xcassets in Resources */ = {isa = PBXBuildFile; fileRef = 9D16748A2659465000495334 /* Preview Assets.xcassets */; };
		9D16748E2659465000495334 /* LaunchScreen.storyboard in Resources */ = {isa = PBXBuildFile; fileRef = 9D16748C2659465000495334 /* LaunchScreen.storyboard */; };
		9D1674992659465100495334 /* ____Tests.swift in Sources */ = {isa = PBXBuildFile; fileRef = 9D1674982659465100495334 /* ____Tests.swift */; };
		9D1674A42659465100495334 /* ____UITests.swift in Sources */ = {isa = PBXBuildFile; fileRef = 9D1674A32659465100495334 /* ____UITests.swift */; };
		9D1674B3265947D100495334 /* UserData.swift in Sources */ = {isa = PBXBuildFile; fileRef = 9D1674B1265947D100495334 /* UserData.swift */; };
		9D1674B4265947D100495334 /* EditInPage.swift in Sources */ = {isa = PBXBuildFile; fileRef = 9D1674B2265947D100495334 /* EditInPage.swift */; };
/* End PBXBuildFile section */

/* Begin PBXContainerItemProxy section */
		9D1674952659465100495334 /* PBXContainerItemProxy */ = {
			isa = PBXContainerItemProxy;
			containerPortal = 9D1674762659464D00495334 /* Project object */;
			proxyType = 1;
			remoteGlobalIDString = 9D16747D2659464D00495334;
			remoteInfo = "提醒事项";
		};
		9D1674A02659465100495334 /* PBXContainerItemProxy */ = {
			isa = PBXContainerItemProxy;
			containerPortal = 9D1674762659464D00495334 /* Project object */;
			proxyType = 1;
			remoteGlobalIDString = 9D16747D2659464D00495334;
			remoteInfo = "提醒事项";
		};
/* End PBXContainerItemProxy section */

/* Begin PBXFileReference section */
		9D16747E2659464D00495334 /* 提醒事项.app */ = {isa = PBXFileReference; explicitFileType = wrapper.application; includeInIndex = 0; path = "提醒事项.app"; sourceTree = BUILT_PRODUCTS_DIR; };
		9D1674812659464D00495334 /* AppDelegate.swift */ = {isa = PBXFileReference; lastKnownFileType = sourcecode.swift; path = AppDelegate.swift; sourceTree = "<group>"; };
		9D1674832659464D00495334 /* SceneDelegate.swift */ = {isa = PBXFileReference; lastKnownFileType = sourcecode.swift; path = SceneDelegate.swift; sourceTree = "<group>"; };
		9D1674852659464D00495334 /* ContentView.swift */ = {isa = PBXFileReference; lastKnownFileType = sourcecode.swift; path = ContentView.swift; sourceTree = "<group>"; };
		9D1674872659465000495334 /* Assets.xcassets */ = {isa = PBXFileReference; lastKnownFileType = folder.assetcatalog; path = Assets.xcassets; sourceTree = "<group>"; };
		9D16748A2659465000495334 /* Preview Assets.xcassets */ = {isa = PBXFileReference; lastKnownFileType = folder.assetcatalog; path = "Preview Assets.xcassets"; sourceTree = "<group>"; };
		9D16748D2659465000495334 /* Base */ = {isa = PBXFileReference; lastKnownFileType = file.storyboard; name = Base; path = Base.lproj/LaunchScreen.storyboard; sourceTree = "<group>"; };
		9D16748F2659465000495334 /* Info.plist */ = {isa = PBXFileReference; lastKnownFileType = text.plist.xml; path = Info.plist; sourceTree = "<group>"; };
		9D1674942659465100495334 /* 提醒事项Tests.xctest */ = {isa = PBXFileReference; explicitFileType = wrapper.cfbundle; includeInIndex = 0; path = "提醒事项Tests.xctest"; sourceTree = BUILT_PRODUCTS_DIR; };
		9D1674982659465100495334 /* ____Tests.swift */ = {isa = PBXFileReference; lastKnownFileType = sourcecode.swift; path = "____Tests.swift"; sourceTree = "<group>"; };
		9D16749A2659465100495334 /* Info.plist */ = {isa = PBXFileReference; lastKnownFileType = text.plist.xml; path = Info.plist; sourceTree = "<group>"; };
		9D16749F2659465100495334 /* 提醒事项UITests.xctest */ = {isa = PBXFileReference; explicitFileType = wrapper.cfbundle; includeInIndex = 0; path = "提醒事项UITests.xctest"; sourceTree = BUILT_PRODUCTS_DIR; };
		9D1674A32659465100495334 /* ____UITests.swift */ = {isa = PBXFileReference; lastKnownFileType = sourcecode.swift; path = "____UITests.swift"; sourceTree = "<group>"; };
		9D1674A52659465100495334 /* Info.plist */ = {isa = PBXFileReference; lastKnownFileType = text.plist.xml; path = Info.plist; sourceTree = "<group>"; };
		9D1674B1265947D100495334 /* UserData.swift */ = {isa = PBXFileReference; fileEncoding = 4; lastKnownFileType = sourcecode.swift; name = UserData.swift; path = ../../demo3/demo3/UserData.swift; sourceTree = "<group>"; };
		9D1674B2265947D100495334 /* EditInPage.swift */ = {isa = PBXFileReference; fileEncoding = 4; lastKnownFileType = sourcecode.swift; name = EditInPage.swift; path = ../../demo3/demo3/EditInPage.swift; sourceTree = "<group>"; };
/* End PBXFileReference section */

/* Begin PBXFrameworksBuildPhase section */
		9D16747B2659464D00495334 /* Frameworks */ = {
			isa = PBXFrameworksBuildPhase;
			buildActionMask = 2147483647;
			files = (
			);
			runOnlyForDeploymentPostprocessing = 0;
		};
		9D1674912659465100495334 /* Frameworks */ = {
			isa = PBXFrameworksBuildPhase;
			buildActionMask = 2147483647;
			files = (
			);
			runOnlyForDeploymentPostprocessing = 0;
		};
		9D16749C2659465100495334 /* Frameworks */ = {
			isa = PBXFrameworksBuildPhase;
			buildActionMask = 2147483647;
			files = (
			);
			runOnlyForDeploymentPostprocessing = 0;
		};
/* End PBXFrameworksBuildPhase section */

/* Begin PBXGroup section */
		9D1674752659464D00495334 = {
			isa = PBXGroup;
			children = (
				9D1674802659464D00495334 /* 提醒事项 */,
				9D1674972659465100495334 /* 提醒事项Tests */,
				9D1674A22659465100495334 /* 提醒事项UITests */,
				9D16747F2659464D00495334 /* Products */,
			);
			sourceTree = "<group>";
		};
		9D16747F2659464D00495334 /* Products */ = {
			isa = PBXGroup;
			children = (
				9D16747E2659464D00495334 /* 提醒事项.app */,
				9D1674942659465100495334 /* 提醒事项Tests.xctest */,
				9D16749F2659465100495334 /* 提醒事项UITests.xctest */,
			);
			name = Products;
			sourceTree = "<group>";
		};
		9D1674802659464D00495334 /* 提醒事项 */ = {
			isa = PBXGroup;
			children = (
				9D1674B2265947D100495334 /* EditInPage.swift */,
				9D1674B1265947D100495334 /* UserData.swift */,
				9D1674812659464D00495334 /* AppDelegate.swift */,
				9D1674832659464D00495334 /* SceneDelegate.swift */,
				9D1674852659464D00495334 /* ContentView.swift */,
				9D1674872659465000495334 /* Assets.xcassets */,
				9D16748C2659465000495334 /* LaunchScreen.storyboard */,
				9D16748F2659465000495334 /* Info.plist */,
				9D1674892659465000495334 /* Preview Content */,
			);
			path = "提醒事项";
			sourceTree = "<group>";
		};
		9D1674892659465000495334 /* Preview Content */ = {
			isa = PBXGroup;
			children = (
				9D16748A2659465000495334 /* Preview Assets.xcassets */,
			);
			path = "Preview Content";
			sourceTree = "<group>";
		};
		9D1674972659465100495334 /* 提醒事项Tests */ = {
			isa = PBXGroup;
			children = (
				9D1674982659465100495334 /* ____Tests.swift */,
				9D16749A2659465100495334 /* Info.plist */,
			);
			path = "提醒事项Tests";
			sourceTree = "<group>";
		};
		9D1674A22659465100495334 /* 提醒事项UITests */ = {
			isa = PBXGroup;
			children = (
				9D1674A32659465100495334 /* ____UITests.swift */,
				9D1674A52659465100495334 /* Info.plist */,
			);
			path = "提醒事项UITests";
			sourceTree = "<group>";
		};
/* End PBXGroup section */

/* Begin PBXNativeTarget section */
		9D16747D2659464D00495334 /* 提醒事项 */ = {
			isa = PBXNativeTarget;
			buildConfigurationList = 9D1674A82659465100495334 /* Build configuration list for PBXNativeTarget "提醒事项" */;
			buildPhases = (
				9D16747A2659464D00495334 /* Sources */,
				9D16747B2659464D00495334 /* Frameworks */,
				9D16747C2659464D00495334 /* Resources */,
			);
			buildRules = (
			);
			dependencies = (
			);
			name = "提醒事项";
			productName = "提醒事项";
			productReference = 9D16747E2659464D00495334 /* 提醒事项.app */;
			productType = "com.apple.product-type.application";
		};
		9D1674932659465100495334 /* 提醒事项Tests */ = {
			isa = PBXNativeTarget;
			buildConfigurationList = 9D1674AB2659465100495334 /* Build configuration list for PBXNativeTarget "提醒事项Tests" */;
			buildPhases = (
				9D1674902659465100495334 /* Sources */,
				9D1674912659465100495334 /* Frameworks */,
				9D1674922659465100495334 /* Resources */,
			);
			buildRules = (
			);
			dependencies = (
				9D1674962659465100495334 /* PBXTargetDependency */,
			);
			name = "提醒事项Tests";
			productName = "提醒事项Tests";
			productReference = 9D1674942659465100495334 /* 提醒事项Tests.xctest */;
			productType = "com.apple.product-type.bundle.unit-test";
		};
		9D16749E2659465100495334 /* 提醒事项UITests */ = {
			isa = PBXNativeTarget;
			buildConfigurationList = 9D1674AE2659465100495334 /* Build configuration list for PBXNativeTarget "提醒事项UITests" */;
			buildPhases = (
				9D16749B2659465100495334 /* Sources */,
				9D16749C2659465100495334 /* Frameworks */,
				9D16749D2659465100495334 /* Resources */,
			);
			buildRules = (
			);
			dependencies = (
				9D1674A12659465100495334 /* PBXTargetDependency */,
			);
			name = "提醒事项UITests";
			productName = "提醒事项UITests";
			productReference = 9D16749F2659465100495334 /* 提醒事项UITests.xctest */;
			productType = "com.apple.product-type.bundle.ui-testing";
		};
/* End PBXNativeTarget section */

/* Begin PBXProject section */
		9D1674762659464D00495334 /* Project object */ = {
			isa = PBXProject;
			attributes = {
				LastSwiftUpdateCheck = 1250;
				LastUpgradeCheck = 1250;
				TargetAttributes = {
					9D16747D2659464D00495334 = {
						CreatedOnToolsVersion = 12.5;
					};
					9D1674932659465100495334 = {
						CreatedOnToolsVersion = 12.5;
						TestTargetID = 9D16747D2659464D00495334;
					};
					9D16749E2659465100495334 = {
						CreatedOnToolsVersion = 12.5;
						TestTargetID = 9D16747D2659464D00495334;
					};
				};
			};
			buildConfigurationList = 9D1674792659464D00495334 /* Build configuration list for PBXProject "提醒事项" */;
			compatibilityVersion = "Xcode 9.3";
			developmentRegion = en;
			hasScannedForEncodings = 0;
			knownRegions = (
				en,
				Base,
			);
			mainGroup = 9D1674752659464D00495334;
			productRefGroup = 9D16747F2659464D00495334 /* Products */;
			projectDirPath = "";
			projectRoot = "";
			targets = (
				9D16747D2659464D00495334 /* 提醒事项 */,
				9D1674932659465100495334 /* 提醒事项Tests */,
				9D16749E2659465100495334 /* 提醒事项UITests */,
			);
		};
/* End PBXProject section */

/* Begin PBXResourcesBuildPhase section */
		9D16747C2659464D00495334 /* Resources */ = {
			isa = PBXResourcesBuildPhase;
			buildActionMask = 2147483647;
			files = (
				9D16748E2659465000495334 /* LaunchScreen.storyboard in Resources */,
				9D16748B2659465000495334 /* Preview Assets.xcassets in Resources */,
				9D1674882659465000495334 /* Assets.xcassets in Resources */,
			);
			runOnlyForDeploymentPostprocessing = 0;
		};
		9D1674922659465100495334 /* Resources */ = {
			isa = PBXResourcesBuildPhase;
			buildActionMask = 2147483647;
			files = (
			);
			runOnlyForDeploymentPostprocessing = 0;
		};
		9D16749D2659465100495334 /* Resources */ = {
			isa = PBXResourcesBuildPhase;
			buildActionMask = 2147483647;
			files = (
			);
			runOnlyForDeploymentPostprocessing = 0;
		};
/* End PBXResourcesBuildPhase section */

/* Begin PBXSourcesBuildPhase section */
		9D16747A2659464D00495334 /* Sources */ = {
			isa = PBXSourcesBuildPhase;
			buildActionMask = 2147483647;
			files = (
				9D1674822659464D00495334 /* AppDelegate.swift in Sources */,
				9D1674842659464D00495334 /* SceneDelegate.swift in Sources */,
				9D1674B3265947D100495334 /* UserData.swift in Sources */,
				9D1674862659464D00495334 /* ContentView.swift in Sources */,
				9D1674B4265947D100495334 /* EditInPage.swift in Sources */,
			);
			runOnlyForDeploymentPostprocessing = 0;
		};
		9D1674902659465100495334 /* Sources */ = {
			isa = PBXSourcesBuildPhase;
			buildActionMask = 2147483647;
			files = (
				9D1674992659465100495334 /* ____Tests.swift in Sources */,
			);
			runOnlyForDeploymentPostprocessing = 0;
		};
		9D16749B2659465100495334 /* Sources */ = {
			isa = PBXSourcesBuildPhase;
			buildActionMask = 2147483647;
			files = (
				9D1674A42659465100495334 /* ____UITests.swift in Sources */,
			);
			runOnlyForDeploymentPostprocessing = 0;
		};
/* End PBXSourcesBuildPhase section */

/* Begin PBXTargetDependency section */
		9D1674962659465100495334 /* PBXTargetDependency */ = {
			isa = PBXTargetDependency;
			target = 9D16747D2659464D00495334 /* 提醒事项 */;
			targetProxy = 9D1674952659465100495334 /* PBXContainerItemProxy */;
		};
		9D1674A12659465100495334 /* PBXTargetDependency */ = {
			isa = PBXTargetDependency;
			target = 9D16747D2659464D00495334 /* 提醒事项 */;
			targetProxy = 9D1674A02659465100495334 /* PBXContainerItemProxy */;
		};
/* End PBXTargetDependency section */

/* Begin PBXVariantGroup section */
		9D16748C2659465000495334 /* LaunchScreen.storyboard */ = {
			isa = PBXVariantGroup;
			children = (
				9D16748D2659465000495334 /* Base */,
			);
			name = LaunchScreen.storyboard;
			sourceTree = "<group>";
		};
/* End PBXVariantGroup section */

/* Begin XCBuildConfiguration section */
		9D1674A62659465100495334 /* Debug */ = {
			isa = XCBuildConfiguration;
			buildSettings = {
				ALWAYS_SEARCH_USER_PATHS = NO;
				CLANG_ANALYZER_NONNULL = YES;
				CLANG_ANALYZER_NUMBER_OBJECT_CONVERSION = YES_AGGRESSIVE;
				CLANG_CXX_LANGUAGE_STANDARD = "gnu++14";
				CLANG_CXX_LIBRARY = "libc++";
				CLANG_ENABLE_MODULES = YES;
				CLANG_ENABLE_OBJC_ARC = YES;
				CLANG_ENABLE_OBJC_WEAK = YES;
				CLANG_WARN_BLOCK_CAPTURE_AUTORELEASING = YES;
				CLANG_WARN_BOOL_CONVERSION = YES;
				CLANG_WARN_COMMA = YES;
				CLANG_WARN_CONSTANT_CONVERSION = YES;
				CLANG_WARN_DEPRECATED_OBJC_IMPLEMENTATIONS = YES;
				CLANG_WARN_DIRECT_OBJC_ISA_USAGE = YES_ERROR;
				CLANG_WARN_DOCUMENTATION_COMMENTS = YES;
				CLANG_WARN_EMPTY_BODY = YES;
				CLANG_WARN_ENUM_CONVERSION = YES;
				CLANG_WARN_INFINITE_RECURSION = YES;
				CLANG_WARN_INT_CONVERSION = YES;
				CLANG_WARN_NON_LITERAL_NULL_CONVERSION = YES;
				CLANG_WARN_OBJC_IMPLICIT_RETAIN_SELF = YES;
				CLANG_WARN_OBJC_LITERAL_CONVERSION = YES;
				CLANG_WARN_OBJC_ROOT_CLASS = YES_ERROR;
				CLANG_WARN_QUOTED_INCLUDE_IN_FRAMEWORK_HEADER = YES;
				CLANG_WARN_RANGE_LOOP_ANALYSIS = YES;
				CLANG_WARN_STRICT_PROTOTYPES = YES;
				CLANG_WARN_SUSPICIOUS_MOVE = YES;
				CLANG_WARN_UNGUARDED_AVAILABILITY = YES_AGGRESSIVE;
				CLANG_WARN_UNREACHABLE_CODE = YES;
				CLANG_WARN__DUPLICATE_METHOD_MATCH = YES;
				COPY_PHASE_STRIP = NO;
				DEBUG_INFORMATION_FORMAT = dwarf;
				ENABLE_STRICT_OBJC_MSGSEND = YES;
				ENABLE_TESTABILITY = YES;
				GCC_C_LANGUAGE_STANDARD = gnu11;
				GCC_DYNAMIC_NO_PIC = NO;
				GCC_NO_COMMON_BLOCKS = YES;
				GCC_OPTIMIZATION_LEVEL = 0;
				GCC_PREPROCESSOR_DEFINITIONS = (
					"DEBUG=1",
					"$(inherited)",
				);
				GCC_WARN_64_TO_32_BIT_CONVERSION = YES;
				GCC_WARN_ABOUT_RETURN_TYPE = YES_ERROR;
				GCC_WARN_UNDECLARED_SELECTOR = YES;
				GCC_WARN_UNINITIALIZED_AUTOS = YES_AGGRESSIVE;
				GCC_WARN_UNUSED_FUNCTION = YES;
				GCC_WARN_UNUSED_VARIABLE = YES;
				IPHONEOS_DEPLOYMENT_TARGET = 14.5;
				MTL_ENABLE_DEBUG_INFO = INCLUDE_SOURCE;
				MTL_FAST_MATH = YES;
				ONLY_ACTIVE_ARCH = YES;
				SDKROOT = iphoneos;
				SWIFT_ACTIVE_COMPILATION_CONDITIONS = DEBUG;
				SWIFT_OPTIMIZATION_LEVEL = "-Onone";
			};
			name = Debug;
		};
		9D1674A72659465100495334 /* Release */ = {
			isa = XCBuildConfiguration;
			buildSettings = {
				ALWAYS_SEARCH_USER_PATHS = NO;
				CLANG_ANALYZER_NONNULL = YES;
				CLANG_ANALYZER_NUMBER_OBJECT_CONVERSION = YES_AGGRESSIVE;
				CLANG_CXX_LANGUAGE_STANDARD = "gnu++14";
				CLANG_CXX_LIBRARY = "libc++";
				CLANG_ENABLE_MODULES = YES;
				CLANG_ENABLE_OBJC_ARC = YES;
				CLANG_ENABLE_OBJC_WEAK = YES;
				CLANG_WARN_BLOCK_CAPTURE_AUTORELEASING = YES;
				CLANG_WARN_BOOL_CONVERSION = YES;
				CLANG_WARN_COMMA = YES;
				CLANG_WARN_CONSTANT_CONVERSION = YES;
				CLANG_WARN_DEPRECATED_OBJC_IMPLEMENTATIONS = YES;
				CLANG_WARN_DIRECT_OBJC_ISA_USAGE = YES_ERROR;
				CLANG_WARN_DOCUMENTATION_COMMENTS = YES;
				CLANG_WARN_EMPTY_BODY = YES;
				CLANG_WARN_ENUM_CONVERSION = YES;
				CLANG_WARN_INFINITE_RECURSION = YES;
				CLANG_WARN_INT_CONVERSION = YES;
				CLANG_WARN_NON_LITERAL_NULL_CONVERSION = YES;
				CLANG_WARN_OBJC_IMPLICIT_RETAIN_SELF = YES;
				CLANG_WARN_OBJC_LITERAL_CONVERSION = YES;
				CLANG_WARN_OBJC_ROOT_CLASS = YES_ERROR;
				CLANG_WARN_QUOTED_INCLUDE_IN_FRAMEWORK_HEADER = YES;
				CLANG_WARN_RANGE_LOOP_ANALYSIS = YES;
				CLANG_WARN_STRICT_PROTOTYPES = YES;
				CLANG_WARN_SUSPICIOUS_MOVE = YES;
				CLANG_WARN_UNGUARDED_AVAILABILITY = YES_AGGRESSIVE;
				CLANG_WARN_UNREACHABLE_CODE = YES;
				CLANG_WARN__DUPLICATE_METHOD_MATCH = YES;
				COPY_PHASE_STRIP = NO;
				DEBUG_INFORMATION_FORMAT = "dwarf-with-dsym";
				ENABLE_NS_ASSERTIONS = NO;
				ENABLE_STRICT_OBJC_MSGSEND = YES;
				GCC_C_LANGUAGE_STANDARD = gnu11;
				GCC_NO_COMMON_BLOCKS = YES;
				GCC_WARN_64_TO_32_BIT_CONVERSION = YES;
				GCC_WARN_ABOUT_RETURN_TYPE = YES_ERROR;
				GCC_WARN_UNDECLARED_SELECTOR = YES;
				GCC_WARN_UNINITIALIZED_AUTOS = YES_AGGRESSIVE;
				GCC_WARN_UNUSED_FUNCTION = YES;
				GCC_WARN_UNUSED_VARIABLE = YES;
				IPHONEOS_DEPLOYMENT_TARGET = 14.5;
				MTL_ENABLE_DEBUG_INFO = NO;
				MTL_FAST_MATH = YES;
				SDKROOT = iphoneos;
				SWIFT_COMPILATION_MODE = wholemodule;
				SWIFT_OPTIMIZATION_LEVEL = "-O";
				VALIDATE_PRODUCT = YES;
			};
			name = Release;
		};
		9D1674A92659465100495334 /* Debug */ = {
			isa = XCBuildConfiguration;
			buildSettings = {
				ASSETCATALOG_COMPILER_APPICON_NAME = AppIcon;
				ASSETCATALOG_COMPILER_GLOBAL_ACCENT_COLOR_NAME = AccentColor;
				CODE_SIGN_STYLE = Automatic;
				DEVELOPMENT_ASSET_PATHS = "\"提醒事项/Preview Content\"";
				ENABLE_PREVIEWS = YES;
				INFOPLIST_FILE = "提醒事项/Info.plist";
				LD_RUNPATH_SEARCH_PATHS = (
					"$(inherited)",
					"@executable_path/Frameworks",
				);
				PRODUCT_BUNDLE_IDENTIFIER = "com.zaina.----";
				PRODUCT_NAME = "$(TARGET_NAME)";
				SWIFT_VERSION = 5.0;
				TARGETED_DEVICE_FAMILY = "1,2";
			};
			name = Debug;
		};
		9D1674AA2659465100495334 /* Release */ = {
			isa = XCBuildConfiguration;
			buildSettings = {
				ASSETCATALOG_COMPILER_APPICON_NAME = AppIcon;
				ASSETCATALOG_COMPILER_GLOBAL_ACCENT_COLOR_NAME = AccentColor;
				CODE_SIGN_STYLE = Automatic;
				DEVELOPMENT_ASSET_PATHS = "\"提醒事项/Preview Content\"";
				ENABLE_PREVIEWS = YES;
				INFOPLIST_FILE = "提醒事项/Info.plist";
				LD_RUNPATH_SEARCH_PATHS = (
					"$(inherited)",
					"@executable_path/Frameworks",
				);
				PRODUCT_BUNDLE_IDENTIFIER = "com.zaina.----";
				PRODUCT_NAME = "$(TARGET_NAME)";
				SWIFT_VERSION = 5.0;
				TARGETED_DEVICE_FAMILY = "1,2";
			};
			name = Release;
		};
		9D1674AC2659465100495334 /* Debug */ = {
			isa = XCBuildConfiguration;
			buildSettings = {
				ALWAYS_EMBED_SWIFT_STANDARD_LIBRARIES = YES;
				BUNDLE_LOADER = "$(TEST_HOST)";
				CODE_SIGN_STYLE = Automatic;
				INFOPLIST_FILE = "提醒事项Tests/Info.plist";
				IPHONEOS_DEPLOYMENT_TARGET = 14.5;
				LD_RUNPATH_SEARCH_PATHS = (
					"$(inherited)",
					"@executable_path/Frameworks",
					"@loader_path/Frameworks",
				);
				PRODUCT_BUNDLE_IDENTIFIER = "com.zaina.----Tests";
				PRODUCT_NAME = "$(TARGET_NAME)";
				SWIFT_VERSION = 5.0;
				TARGETED_DEVICE_FAMILY = "1,2";
				TEST_HOST = "$(BUILT_PRODUCTS_DIR)/提醒事项.app/提醒事项";
			};
			name = Debug;
		};
		9D1674AD2659465100495334 /* Release */ = {
			isa = XCBuildConfiguration;
			buildSettings = {
				ALWAYS_EMBED_SWIFT_STANDARD_LIBRARIES = YES;
				BUNDLE_LOADER = "$(TEST_HOST)";
				CODE_SIGN_STYLE = Automatic;
				INFOPLIST_FILE = "提醒事项Tests/Info.plist";
				IPHONEOS_DEPLOYMENT_TARGET = 14.5;
				LD_RUNPATH_SEARCH_PATHS = (
					"$(inherited)",
					"@executable_path/Frameworks",
					"@loader_path/Frameworks",
				);
				PRODUCT_BUNDLE_IDENTIFIER = "com.zaina.----Tests";
				PRODUCT_NAME = "$(TARGET_NAME)";
				SWIFT_VERSION = 5.0;
				TARGETED_DEVICE_FAMILY = "1,2";
				TEST_HOST = "$(BUILT_PRODUCTS_DIR)/提醒事项.app/提醒事项";
			};
			name = Release;
		};
		9D1674AF2659465100495334 /* Debug */ = {
			isa = XCBuildConfiguration;
			buildSettings = {
				ALWAYS_EMBED_SWIFT_STANDARD_LIBRARIES = YES;
				CODE_SIGN_STYLE = Automatic;
				INFOPLIST_FILE = "提醒事项UITests/Info.plist";
				LD_RUNPATH_SEARCH_PATHS = (
					"$(inherited)",
					"@executable_path/Frameworks",
					"@loader_path/Frameworks",
				);
				PRODUCT_BUNDLE_IDENTIFIER = "com.zaina.----UITests";
				PRODUCT_NAME = "$(TARGET_NAME)";
				SWIFT_VERSION = 5.0;
				TARGETED_DEVICE_FAMILY = "1,2";
				TEST_TARGET_NAME = "提醒事项";
			};
			name = Debug;
		};
		9D1674B02659465100495334 /* Release */ = {
			isa = XCBuildConfiguration;
			buildSettings = {
				ALWAYS_EMBED_SWIFT_STANDARD_LIBRARIES = YES;
				CODE_SIGN_STYLE = Automatic;
				INFOPLIST_FILE = "提醒事项UITests/Info.plist";
				LD_RUNPATH_SEARCH_PATHS = (
					"$(inherited)",
					"@executable_path/Frameworks",
					"@loader_path/Frameworks",
				);
				PRODUCT_BUNDLE_IDENTIFIER = "com.zaina.----UITests";
				PRODUCT_NAME = "$(TARGET_NAME)";
				SWIFT_VERSION = 5.0;
				TARGETED_DEVICE_FAMILY = "1,2";
				TEST_TARGET_NAME = "提醒事项";
			};
			name = Release;
		};
/* End XCBuildConfiguration section */

/* Begin XCConfigurationList section */
		9D1674792659464D00495334 /* Build configuration list for PBXProject "提醒事项" */ = {
			isa = XCConfigurationList;
			buildConfigurations = (
				9D1674A62659465100495334 /* Debug */,
				9D1674A72659465100495334 /* Release */,
			);
			defaultConfigurationIsVisible = 0;
			defaultConfigurationName = Release;
		};
		9D1674A82659465100495334 /* Build configuration list for PBXNativeTarget "提醒事项" */ = {
			isa = XCConfigurationList;
			buildConfigurations = (
				9D1674A92659465100495334 /* Debug */,
				9D1674AA2659465100495334 /* Release */,
			);
			defaultConfigurationIsVisible = 0;
			defaultConfigurationName = Release;
		};
		9D1674AB2659465100495334 /* Build configuration list for PBXNativeTarget "提醒事项Tests" */ = {
			isa = XCConfigurationList;
			buildConfigurations = (
				9D1674AC2659465100495334 /* Debug */,
				9D1674AD2659465100495334 /* Release */,
			);
			defaultConfigurationIsVisible = 0;
			defaultConfigurationName = Release;
		};
		9D1674AE2659465100495334 /* Build configuration list for PBXNativeTarget "提醒事项UITests" */ = {
			isa = XCConfigurationList;
			buildConfigurations = (
				9D1674AF2659465100495334 /* Debug */,
				9D1674B02659465100495334 /* Release */,
			);
			defaultConfigurationIsVisible = 0;
			defaultConfigurationName = Release;
		};
/* End XCConfigurationList section */
	};
	rootObject = 9D1674762659464D00495334 /* Project object */;
}
